
Microsoft Visual Studio Solution File, Format Version 12.00
Project("{FAE04EC0-301F-11D3-BF4B-00C04F79EFBC}") = "CoffeeMachine.API", "CoffeeMachine.API\CoffeeMachine.API.csproj", "{6EB811C0-534D-4B64-959C-EB5DCDCE4D10}"
EndProject
Project("{FAE04EC0-301F-11D3-BF4B-00C04F79EFBC}") = "CoffeeMachine.Tests", "CoffeeMachine.Tests\CoffeeMachine.Tests.csproj", "{F61174F2-2A72-4C88-AE82-4E1509541380}"
EndProject
Global
	GlobalSection(SolutionConfigurationPlatforms) = preSolution
		Debug|Any CPU = Debug|Any CPU
		Release|Any CPU = Release|Any CPU
	EndGlobalSection
	GlobalSection(ProjectConfigurationPlatforms) = postSolution
		{6EB811C0-534D-4B64-959C-EB5DCDCE4D10}.Debug|Any CPU.ActiveCfg = Debug|Any CPU
		{6EB811C0-534D-4B64-959C-EB5DCDCE4D10}.Debug|Any CPU.Build.0 = Debug|Any CPU
		{6EB811C0-534D-4B64-959C-EB5DCDCE4D10}.Release|Any CPU.ActiveCfg = Release|Any CPU
		{6EB811C0-534D-4B64-959C-EB5DCDCE4D10}.Release|Any CPU.Build.0 = Release|Any CPU
		{F61174F2-2A72-4C88-AE82-4E1509541380}.Debug|Any CPU.ActiveCfg = Debug|Any CPU
		{F61174F2-2A72-4C88-AE82-4E1509541380}.Debug|Any CPU.Build.0 = Debug|Any CPU
		{F61174F2-2A72-4C88-AE82-4E1509541380}.Release|Any CPU.ActiveCfg = Release|Any CPU
		{F61174F2-2A72-4C88-AE82-4E1509541380}.Release|Any CPU.Build.0 = Release|Any CPU
	EndGlobalSection
EndGlobal
